<?xml version="1.0" encoding="utf-8"?>
<Project ToolsVersion="4.0" xmlns="http://schemas.microsoft.com/developer/msbuild/2003">
  <ItemGroup>
    <Filter Include="Source Files">
      <UniqueIdentifier>{4FC737F1-C7A5-4376-A066-2A32D752A2FF}</UniqueIdentifier>
      <Extensions>cpp;c;cc;cxx;c++;cppm;ixx;def;odl;idl;hpj;bat;asm;asmx</Extensions>
    </Filter>
    <Filter Include="Header Files">
      <UniqueIdentifier>{93995380-89BD-4b04-88EB-625FBE52EBFB}</UniqueIdentifier>
      <Extensions>h;hh;hpp;hxx;h++;hm;inl;inc;ipp;xsd</Extensions>
    </Filter>
    <Filter Include="Resource Files">
      <UniqueIdentifier>{67DA6AB6-F800-4c08-8B7A-83BB121AAD01}</UniqueIdentifier>
      <Extensions>rc;ico;cur;bmp;dlg;rc2;rct;bin;rgs;gif;jpg;jpeg;jpe;resx;tiff;tif;png;wav;mfcribbon-ms</Extensions>
    </Filter>
    <Filter Include="Source Files\Engine">
      <UniqueIdentifier>{b6264aa3-212b-4295-961b-d6163ce6bde4}</UniqueIdentifier>
    </Filter>
    <Filter Include="Source Files\Engine\Event">
      <UniqueIdentifier>{f05a3090-22b8-47d8-bdb1-519c46702902}</UniqueIdentifier>
    </Filter>
    <Filter Include="Resource Files\tiles">
      <UniqueIdentifier>{e99aa189-0ab1-429b-aecd-9103e5f61115}</UniqueIdentifier>
    </Filter>
    <Filter Include="Header Files\Engine">
      <UniqueIdentifier>{6e17872c-1479-40b3-93e6-87c14d7c6fec}</UniqueIdentifier>
    </Filter>
    <Filter Include="Header Files\Engine\graphics">
      <UniqueIdentifier>{ffd15f37-ffec-4cfb-b4b9-d838c5aa8ef3}</UniqueIdentifier>
    </Filter>
    <Filter Include="Source Files\Engine\graphics">
      <UniqueIdentifier>{6ad0b8a6-17c1-47ab-bd45-168609b3eb28}</UniqueIdentifier>
    </Filter>
  </ItemGroup>
  <ItemGroup>
    <ClCompile Include="src\main.cpp">
      <Filter>Source Files</Filter>
    </ClCompile>
    <ClCompile Include="src\Engine\Engine.cpp">
      <Filter>Source Files\Engine</Filter>
    </ClCompile>
    <ClCompile Include="src\Engine\onInit.cpp">
      <Filter>Source Files\Engine</Filter>
    </ClCompile>
    <ClCompile Include="src\Engine\Drawable.cpp">
      <Filter>Source Files\Engine</Filter>
    </ClCompile>
    <ClCompile Include="src\Engine\onCleanup.cpp">
      <Filter>Source Files\Engine</Filter>
    </ClCompile>
    <ClCompile Include="src\Engine\onEvent.cpp">
      <Filter>Source Files\Engine</Filter>
    </ClCompile>
    <ClCompile Include="src\Engine\onExit.cpp">
      <Filter>Source Files\Engine</Filter>
    </ClCompile>
    <ClCompile Include="src\Engine\onLoop.cpp">
      <Filter>Source Files\Engine</Filter>
    </ClCompile>
    <ClCompile Include="src\Engine\onRender.cpp">
      <Filter>Source Files\Engine</Filter>
    </ClCompile>
    <ClCompile Include="src\Engine\Event.cpp">
      <Filter>Source Files\Engine\Event</Filter>
    </ClCompile>
    <ClCompile Include="src\Engine\onExecute.cpp">
      <Filter>Source Files\Engine</Filter>
    </ClCompile>
    <ClCompile Include="src\Engine\graphics\Graphics.cpp">
      <Filter>Source Files\Engine\graphics</Filter>
    </ClCompile>
    <ClCompile Include="src\Engine\graphics\ResourceManager.cpp">
      <Filter>Source Files\Engine\graphics</Filter>
    </ClCompile>
    <ClCompile Include="src\Engine\graphics\RenderWindow.cpp">
      <Filter>Source Files\Engine\graphics</Filter>
    </ClCompile>
  </ItemGroup>
  <ItemGroup>
    <ClInclude Include="src\Engine\Engine.h">
      <Filter>Header Files\Engine</Filter>
    </ClInclude>
    <ClInclude Include="src\Engine\Event.h">
      <Filter>Header Files\Engine</Filter>
    </ClInclude>
    <ClInclude Include="src\Engine\Drawable.h">
      <Filter>Header Files\Engine</Filter>
    </ClInclude>
    <ClInclude Include="src\Engine\graphics\Graphics.h">
      <Filter>Header Files\Engine\graphics</Filter>
    </ClInclude>
    <ClInclude Include="src\Engine\graphics\ResourceManager.h">
      <Filter>Header Files\Engine\graphics</Filter>
    </ClInclude>
    <ClInclude Include="src\Engine\graphics\RenderWindow.h">
      <Filter>Header Files\Engine\graphics</Filter>
    </ClInclude>
  </ItemGroup>
  <ItemGroup>
    <Image Include="src\Assets\tile_0.png">
      <Filter>Resource Files\tiles</Filter>
    </Image>
  </ItemGroup>
</Project>